{
  "name": "crypt",
  "version": "0.0.1",
  "lockfileVersion": 1,
  "requires": true,
  "dependencies": {
    "lodash": {
      "version": "4.17.19",
      "resolved": "https://registry.npmjs.org/lodash/-/lodash-4.17.19.tgz",
      "integrity": "sha512-JNvd8XER9GQX0v2qJgsaN/mzFCNA5BRe/j8JN9d+tWyGLSodKQHKFicdwNYzWwI3wjRnaKPsGj1XkBjx/F96DQ=="
    },
    "rot-js": {
      "version": "2.1.4",
      "resolved": "https://registry.npmjs.org/rot-js/-/rot-js-2.1.4.tgz",
      "integrity": "sha512-UYgV8CPLNolXuzHNlwoGoEkA4fBExCbmrtns8Wl3YCGyVHqb5lgF+uUWXRJcDpWGbE/A7JSL3tUWtNUuRP790Q=="
    },
    "rote": {
      "version": "github:rocket-boots/rote#08bbda58ea47e0a4479c926cc8368632638dcc96",
      "from": "github:rocket-boots/rote#master",
      "requires": {
        "rot-js": "^2.0.3"
      }
    }
  }
}
