{
  "name": "crypt",
  "version": "0.0.1",
  "lockfileVersion": 1,
  "requires": true,
  "dependencies": {
    "lodash": {
      "version": "4.17.21",
      "resolved": "https://registry.npmjs.org/lodash/-/lodash-4.17.21.tgz",
      "integrity": "sha512-v2kDEe57lecTulaDIuNTPy3Ry4gLGJ6Z1O3vE1krgXZNrsQ+LFTGHVxVjcXPs17LhbZVGedAJv8XZ1tvj5FvSg=="
    },
    "rot-js": {
      "version": "2.1.5",
      "resolved": "https://registry.npmjs.org/rot-js/-/rot-js-2.1.5.tgz",
      "integrity": "sha512-W7IyjJNFYPXBr2CO3qWD6kvT7pAECn9GyGWpZAKP3R3SLF6SlChSNhAkovk1krzzcLmWEtDjYMCMC7chCu2f0A=="
    },
    "rote": {
      "version": "github:rocket-boots/rote#08bbda58ea47e0a4479c926cc8368632638dcc96",
      "from": "github:rocket-boots/rote#master",
      "requires": {
        "rot-js": "^2.0.3"
      }
    }
  }
}
